
Microsoft Visual Studio Solution File, Format Version 12.00
# Visual Studio Version 16
VisualStudioVersion = 16.0.30011.22
MinimumVisualStudioVersion = 10.0.40219.1
Project("{FAE04EC0-301F-11D3-BF4B-00C04F79EFBC}") = "webtoon2manga_console", "webtoon2manga_console\webtoon2manga_console.csproj", "{6C37BBB0-EAF9-4D2A-8AD9-AD6356E47521}"
EndProject
Project("{FAE04EC0-301F-11D3-BF4B-00C04F79EFBC}") = "webtoon2manga_consoleTests", "webtoon2manga_consoleTests\webtoon2manga_consoleTests.csproj", "{595617A6-FEC9-4F2A-AB37-480C61600B54}"
EndProject
Global
	GlobalSection(SolutionConfigurationPlatforms) = preSolution
		Debug|Any CPU = Debug|Any CPU
		Release|Any CPU = Release|Any CPU
	EndGlobalSection
	GlobalSection(ProjectConfigurationPlatforms) = postSolution
		{6C37BBB0-EAF9-4D2A-8AD9-AD6356E47521}.Debug|Any CPU.ActiveCfg = Debug|Any CPU
		{6C37BBB0-EAF9-4D2A-8AD9-AD6356E47521}.Debug|Any CPU.Build.0 = Debug|Any CPU
		{6C37BBB0-EAF9-4D2A-8AD9-AD6356E47521}.Release|Any CPU.ActiveCfg = Release|Any CPU
		{6C37BBB0-EAF9-4D2A-8AD9-AD6356E47521}.Release|Any CPU.Build.0 = Release|Any CPU
		{595617A6-FEC9-4F2A-AB37-480C61600B54}.Debug|Any CPU.ActiveCfg = Debug|Any CPU
		{595617A6-FEC9-4F2A-AB37-480C61600B54}.Debug|Any CPU.Build.0 = Debug|Any CPU
		{595617A6-FEC9-4F2A-AB37-480C61600B54}.Release|Any CPU.ActiveCfg = Release|Any CPU
		{595617A6-FEC9-4F2A-AB37-480C61600B54}.Release|Any CPU.Build.0 = Release|Any CPU
	EndGlobalSection
	GlobalSection(SolutionProperties) = preSolution
		HideSolutionNode = FALSE
	EndGlobalSection
	GlobalSection(ExtensibilityGlobals) = postSolution
		SolutionGuid = {27A8E760-185A-4F1F-BD7D-76112CE7ABE3}
	EndGlobalSection
EndGlobal
